{
  "name": "uniapp_im_demo",
  "lockfileVersion": 3,
  "requires": true,
  "packages": {
    "": {
      "dependencies": {
        "nim-web-sdk-ng": "^10.9.76"
      }
    },
    "node_modules/nim-web-sdk-ng": {
      "version": "10.9.76",
      "resolved": "https://registry.npmjs.org/nim-web-sdk-ng/-/nim-web-sdk-ng-10.9.76.tgz",
      "integrity": "sha512-s4WxoBB06cAbzCIEbLcptAbKC03GDNnAeWHbQfTGu1tdCsAK02eYJAe3wToTkpbgdItiXwKS6+T2qZvjkdXX5g==",
      "license": "ISC"
    }
  }
}
